
Microsoft Visual Studio Solution File, Format Version 12.00
# Visual Studio 15
VisualStudioVersion = 15.0.28307.136
MinimumVisualStudioVersion = 10.0.40219.1
Project("{9A19103F-16F7-4668-BE54-9A1E7A4F7556}") = "Samr.ERP.WebApi", "Samr.ERP.WebApi\Samr.ERP.WebApi.csproj", "{BD6B019A-3CE3-4645-9772-25187ABA5C64}"
EndProject
Project("{9A19103F-16F7-4668-BE54-9A1E7A4F7556}") = "Samr.ERP.Core", "Samr.ERP.Core\Samr.ERP.Core.csproj", "{CCCF6354-EC60-4D32-BA0C-D7309C20B550}"
EndProject
Project("{9A19103F-16F7-4668-BE54-9A1E7A4F7556}") = "Samr.ERP.Tests", "Samr.ERP.Tests\Samr.ERP.Tests.csproj", "{5D5BFFDE-3DB0-4FA9-8017-5D64E9F11342}"
EndProject
Project("{9A19103F-16F7-4668-BE54-9A1E7A4F7556}") = "Samr.ERP.Infrastructure", "Samr.ERP.Infrastructure\Samr.ERP.Infrastructure.csproj", "{3B952CCE-9DE0-4129-A481-9EFCFA3E7C78}"
EndProject
Global
	GlobalSection(SolutionConfigurationPlatforms) = preSolution
		Debug|Any CPU = Debug|Any CPU
		Release|Any CPU = Release|Any CPU
	EndGlobalSection
	GlobalSection(ProjectConfigurationPlatforms) = postSolution
		{BD6B019A-3CE3-4645-9772-25187ABA5C64}.Debug|Any CPU.ActiveCfg = Debug|Any CPU
		{BD6B019A-3CE3-4645-9772-25187ABA5C64}.Debug|Any CPU.Build.0 = Debug|Any CPU
		{BD6B019A-3CE3-4645-9772-25187ABA5C64}.Release|Any CPU.ActiveCfg = Release|Any CPU
		{BD6B019A-3CE3-4645-9772-25187ABA5C64}.Release|Any CPU.Build.0 = Release|Any CPU
		{CCCF6354-EC60-4D32-BA0C-D7309C20B550}.Debug|Any CPU.ActiveCfg = Debug|Any CPU
		{CCCF6354-EC60-4D32-BA0C-D7309C20B550}.Debug|Any CPU.Build.0 = Debug|Any CPU
		{CCCF6354-EC60-4D32-BA0C-D7309C20B550}.Release|Any CPU.ActiveCfg = Release|Any CPU
		{CCCF6354-EC60-4D32-BA0C-D7309C20B550}.Release|Any CPU.Build.0 = Release|Any CPU
		{5D5BFFDE-3DB0-4FA9-8017-5D64E9F11342}.Debug|Any CPU.ActiveCfg = Debug|Any CPU
		{5D5BFFDE-3DB0-4FA9-8017-5D64E9F11342}.Debug|Any CPU.Build.0 = Debug|Any CPU
		{5D5BFFDE-3DB0-4FA9-8017-5D64E9F11342}.Release|Any CPU.ActiveCfg = Release|Any CPU
		{5D5BFFDE-3DB0-4FA9-8017-5D64E9F11342}.Release|Any CPU.Build.0 = Release|Any CPU
		{3B952CCE-9DE0-4129-A481-9EFCFA3E7C78}.Debug|Any CPU.ActiveCfg = Debug|Any CPU
		{3B952CCE-9DE0-4129-A481-9EFCFA3E7C78}.Debug|Any CPU.Build.0 = Debug|Any CPU
		{3B952CCE-9DE0-4129-A481-9EFCFA3E7C78}.Release|Any CPU.ActiveCfg = Release|Any CPU
		{3B952CCE-9DE0-4129-A481-9EFCFA3E7C78}.Release|Any CPU.Build.0 = Release|Any CPU
	EndGlobalSection
	GlobalSection(SolutionProperties) = preSolution
		HideSolutionNode = FALSE
	EndGlobalSection
	GlobalSection(ExtensibilityGlobals) = postSolution
		SolutionGuid = {62DF4102-C7CA-40F8-80EC-5BEE847EE5D7}
	EndGlobalSection
EndGlobal
